
Microsoft Visual Studio Solution File, Format Version 12.00
# Visual Studio Version 16
VisualStudioVersion = 16.0.28917.181
MinimumVisualStudioVersion = 10.0.40219.1
Project("{FAE04EC0-301F-11D3-BF4B-00C04F79EFBC}") = "HourlyBeep", "HourlyBeep\HourlyBeep.csproj", "{A8BD48E8-FE11-492C-8845-1AD96506E86E}"
EndProject
Global
	GlobalSection(SolutionConfigurationPlatforms) = preSolution
		Debug|Any CPU = Debug|Any CPU
		Release|Any CPU = Release|Any CPU
	EndGlobalSection
	GlobalSection(ProjectConfigurationPlatforms) = postSolution
		{A8BD48E8-FE11-492C-8845-1AD96506E86E}.Debug|Any CPU.ActiveCfg = Debug|Any CPU
		{A8BD48E8-FE11-492C-8845-1AD96506E86E}.Debug|Any CPU.Build.0 = Debug|Any CPU
		{A8BD48E8-FE11-492C-8845-1AD96506E86E}.Release|Any CPU.ActiveCfg = Release|Any CPU
		{A8BD48E8-FE11-492C-8845-1AD96506E86E}.Release|Any CPU.Build.0 = Release|Any CPU
	EndGlobalSection
	GlobalSection(SolutionProperties) = preSolution
		HideSolutionNode = FALSE
	EndGlobalSection
	GlobalSection(ExtensibilityGlobals) = postSolution
		SolutionGuid = {6A49C467-D29D-424A-80EE-E238F946A6DE}
	EndGlobalSection
EndGlobal
